{
  "name": "@ppzp/bd",
  "version": "0.0.0",
  "lockfileVersion": 2,
  "requires": true,
  "packages": {
    "": {
      "name": "@ppzp/bd",
      "version": "0.0.0",
      "license": "Unlicense",
      "dependencies": {
        "@ppzp/context": "^0.0.0",
        "@ppzp/stupid": ">=0.0.0",
        "uuid": ">=7.0.0"
      }
    },
    "node_modules/@ppzp/context": {
      "version": "0.0.0",
      "resolved": "https://registry.npmjs.org/@ppzp/context/-/context-0.0.0.tgz",
      "integrity": "sha512-al09xsMc1whf/13pfc9G2ICbrcGdB/AsLzrYbrUdTmo+ctqli+3zYY2rnGtgvWzgIkg+Of6uJP8pp3B77No4mA=="
    },
    "node_modules/@ppzp/stupid": {
      "version": "0.0.0",
      "resolved": "https://registry.npmjs.org/@ppzp/stupid/-/stupid-0.0.0.tgz",
      "integrity": "sha512-m8Nu3C7Q6xtSWg7CeCaj7d2+v28sOOWW1ydMi3XuPaegoVuXZFIMaLNNgK2eiVOgtAtiysV8fd/JaaIF4Nzn1A=="
    },
    "node_modules/uuid": {
      "version": "8.3.2",
      "resolved": "https://registry.npmjs.org/uuid/-/uuid-8.3.2.tgz",
      "integrity": "sha512-+NYs2QeMWy+GWFOEm9xnn6HCDp0l7QBD7ml8zLUmJ+93Q5NF0NocErnwkTkXVFNiX3/fpC6afS8Dhb/gz7R7eg==",
      "bin": {
        "uuid": "dist/bin/uuid"
      }
    }
  },
  "dependencies": {
    "@ppzp/context": {
      "version": "0.0.0",
      "resolved": "https://registry.npmjs.org/@ppzp/context/-/context-0.0.0.tgz",
      "integrity": "sha512-al09xsMc1whf/13pfc9G2ICbrcGdB/AsLzrYbrUdTmo+ctqli+3zYY2rnGtgvWzgIkg+Of6uJP8pp3B77No4mA=="
    },
    "@ppzp/stupid": {
      "version": "0.0.0",
      "resolved": "https://registry.npmjs.org/@ppzp/stupid/-/stupid-0.0.0.tgz",
      "integrity": "sha512-m8Nu3C7Q6xtSWg7CeCaj7d2+v28sOOWW1ydMi3XuPaegoVuXZFIMaLNNgK2eiVOgtAtiysV8fd/JaaIF4Nzn1A=="
    },
    "uuid": {
      "version": "8.3.2",
      "resolved": "https://registry.npmjs.org/uuid/-/uuid-8.3.2.tgz",
      "integrity": "sha512-+NYs2QeMWy+GWFOEm9xnn6HCDp0l7QBD7ml8zLUmJ+93Q5NF0NocErnwkTkXVFNiX3/fpC6afS8Dhb/gz7R7eg=="
    }
  }
}
