{
  "name": "vsc-plugin-demo",
  "version": "0.0.0",
  "lockfileVersion": 2,
  "requires": true,
  "packages": {
    "": {
      "name": "vsc-plugin-demo",
      "version": "0.0.0",
      "dependencies": {
        "@ppzp/bd": "^0.0.0",
        "@ppzp/context": "^0.0.0"
      },
      "engines": {
        "vscode": "^1.47.3"
      }
    },
    "node_modules/@ppzp/bd": {
      "version": "0.0.0",
      "resolved": "https://registry.npmjs.org/@ppzp/bd/-/bd-0.0.0.tgz",
      "integrity": "sha512-4SzygXnbA7LHivU8v8EfgGTtO8MrSyoX9fe6g+6pdwobvLxnU8N7c9jv9bIFjQ4wJOxIXXs0JdEDjwEoOXuDVw==",
      "dependencies": {
        "@ppzp/context": ">=0.0.0",
        "@ppzp/stupid": ">=0.0.0",
        "uuid": ">=7.0.0"
      }
    },
    "node_modules/@ppzp/context": {
      "version": "0.0.0",
      "resolved": "https://registry.npmmirror.com/@ppzp/context/-/context-0.0.0.tgz",
      "integrity": "sha512-al09xsMc1whf/13pfc9G2ICbrcGdB/AsLzrYbrUdTmo+ctqli+3zYY2rnGtgvWzgIkg+Of6uJP8pp3B77No4mA=="
    },
    "node_modules/@ppzp/stupid": {
      "version": "0.0.0",
      "resolved": "https://registry.npmjs.org/@ppzp/stupid/-/stupid-0.0.0.tgz",
      "integrity": "sha512-m8Nu3C7Q6xtSWg7CeCaj7d2+v28sOOWW1ydMi3XuPaegoVuXZFIMaLNNgK2eiVOgtAtiysV8fd/JaaIF4Nzn1A=="
    },
    "node_modules/uuid": {
      "version": "9.0.0",
      "resolved": "https://registry.npmjs.org/uuid/-/uuid-9.0.0.tgz",
      "integrity": "sha512-MXcSTerfPa4uqyzStbRoTgt5XIe3x5+42+q1sDuy3R5MDk66URdLMOZe5aPX/SQd+kuYAh0FdP/pO28IkQyTeg==",
      "bin": {
        "uuid": "dist/bin/uuid"
      }
    }
  },
  "dependencies": {
    "@ppzp/bd": {
      "version": "0.0.0",
      "resolved": "https://registry.npmjs.org/@ppzp/bd/-/bd-0.0.0.tgz",
      "integrity": "sha512-4SzygXnbA7LHivU8v8EfgGTtO8MrSyoX9fe6g+6pdwobvLxnU8N7c9jv9bIFjQ4wJOxIXXs0JdEDjwEoOXuDVw==",
      "requires": {
        "@ppzp/context": ">=0.0.0",
        "@ppzp/stupid": ">=0.0.0",
        "uuid": ">=7.0.0"
      }
    },
    "@ppzp/context": {
      "version": "0.0.0",
      "resolved": "https://registry.npmmirror.com/@ppzp/context/-/context-0.0.0.tgz",
      "integrity": "sha512-al09xsMc1whf/13pfc9G2ICbrcGdB/AsLzrYbrUdTmo+ctqli+3zYY2rnGtgvWzgIkg+Of6uJP8pp3B77No4mA=="
    },
    "@ppzp/stupid": {
      "version": "0.0.0",
      "resolved": "https://registry.npmjs.org/@ppzp/stupid/-/stupid-0.0.0.tgz",
      "integrity": "sha512-m8Nu3C7Q6xtSWg7CeCaj7d2+v28sOOWW1ydMi3XuPaegoVuXZFIMaLNNgK2eiVOgtAtiysV8fd/JaaIF4Nzn1A=="
    },
    "uuid": {
      "version": "9.0.0",
      "resolved": "https://registry.npmjs.org/uuid/-/uuid-9.0.0.tgz",
      "integrity": "sha512-MXcSTerfPa4uqyzStbRoTgt5XIe3x5+42+q1sDuy3R5MDk66URdLMOZe5aPX/SQd+kuYAh0FdP/pO28IkQyTeg=="
    }
  }
}
